
Microsoft Visual Studio Solution File, Format Version 12.00
# Visual Studio Version 16
VisualStudioVersion = 16.0.29728.190
MinimumVisualStudioVersion = 10.0.40219.1
Project("{9A19103F-16F7-4668-BE54-9A1E7A4F7556}") = "IcVibracoes.Application", "IcVibracoes\IcVibracoes.Application.csproj", "{AC6EB2D8-60DC-4FEC-A48F-95D3316F3E4A}"
EndProject
Project("{2150E333-8FDC-42A3-9474-1A3956D46DE8}") = "src", "src", "{1486B460-922B-4F74-A69A-DFA452D5A8EC}"
EndProject
Project("{2150E333-8FDC-42A3-9474-1A3956D46DE8}") = "etc", "etc", "{FB9756E5-52FA-4EF8-8C66-D8122B82CDE0}"
	ProjectSection(SolutionItems) = preProject
		CHANGELOG.md = CHANGELOG.md
	EndProjectSection
EndProject
Project("{2150E333-8FDC-42A3-9474-1A3956D46DE8}") = "test", "test", "{1F3797D7-105F-44D1-AF0C-A56FC7BA38B2}"
EndProject
Project("{9A19103F-16F7-4668-BE54-9A1E7A4F7556}") = "IcVibracoes.Common", "IcVibracoes.Common\IcVibracoes.Common.csproj", "{F6A738F8-99D3-4A3E-A86A-90664A7EF1D4}"
EndProject
Project("{9A19103F-16F7-4668-BE54-9A1E7A4F7556}") = "IcVibracoes.Core", "IcVibracoes.Core\IcVibracoes.Core.csproj", "{A51C5DAC-DBD2-49A1-89C2-7CBE2BCAC992}"
EndProject
Project("{9A19103F-16F7-4668-BE54-9A1E7A4F7556}") = "IcVibracoes.DataContracts", "IcVibracoes.DataContracts\IcVibracoes.DataContracts.csproj", "{5494FC46-A675-47F6-905A-E9591B9D93BA}"
EndProject
Project("{9A19103F-16F7-4668-BE54-9A1E7A4F7556}") = "IcVibracoes.Test", "IcVibracoes.Test\IcVibracoes.Test.csproj", "{58549B1B-848D-42AF-8E33-AA996AB99A31}"
EndProject
Project("{2150E333-8FDC-42A3-9474-1A3956D46DE8}") = "programs in C", "programs in C", "{F12DE005-F3F9-4976-84AC-87C850BE83B4}"
	ProjectSection(SolutionItems) = preProject
		Programs in C\final version\dados_piezo.inp = Programs in C\final version\dados_piezo.inp
		Programs in C\final version\Piezoeletrico_Newmark.CPP = Programs in C\final version\Piezoeletrico_Newmark.CPP
		Programs in C\final version\runge_kutta_1gl.CPP = Programs in C\final version\runge_kutta_1gl.CPP
		Programs in C\final version\runge_kutta_2gl.cpp = Programs in C\final version\runge_kutta_2gl.cpp
		Programs in C\programapiezo\sem_piezo_15_04.cpp = Programs in C\programapiezo\sem_piezo_15_04.cpp
	EndProjectSection
EndProject
Project("{2150E333-8FDC-42A3-9474-1A3956D46DE8}") = "requests", "requests", "{69DC91C4-15E5-46D3-A0D1-820C174221E8}"
EndProject
Project("{2150E333-8FDC-42A3-9474-1A3956D46DE8}") = "solutions", "solutions", "{FEF4F35F-FDF5-4FAF-937F-6AB5864597C0}"
EndProject
Project("{2150E333-8FDC-42A3-9474-1A3956D46DE8}") = "FiniteElement", "FiniteElement", "{5E5F94FA-6B14-4150-A813-DE4FFB6DD6B3}"
EndProject
Project("{2150E333-8FDC-42A3-9474-1A3956D46DE8}") = "Beam", "Beam", "{924A799F-B2BF-4144-A243-C2E42FD09728}"
	ProjectSection(SolutionItems) = preProject
		Request\FiniteElements\Beam\Motor Baja 30Hz - 5 nós.json = Request\FiniteElements\Beam\Motor Baja 30Hz - 5 nós.json
		Request\FiniteElements\Beam\Motor Baja 30Hz - 67 nós.json = Request\FiniteElements\Beam\Motor Baja 30Hz - 67 nós.json
		Request\FiniteElements\Beam\Motor Baja.json = Request\FiniteElements\Beam\Motor Baja.json
		Request\FiniteElements\Beam\Request extraido da tese sobre piezoelétrico - sem piezoelétrico.json = Request\FiniteElements\Beam\Request extraido da tese sobre piezoelétrico - sem piezoelétrico.json
		Request\FiniteElements\Beam\Request para a teste - 4 elementos.json = Request\FiniteElements\Beam\Request para a teste - 4 elementos.json
		Request\FiniteElements\Beam\Viga retangular engastada sem piezoeletrico.json = Request\FiniteElements\Beam\Viga retangular engastada sem piezoeletrico.json
	EndProjectSection
EndProject
Project("{2150E333-8FDC-42A3-9474-1A3956D46DE8}") = "BeamWithDva", "BeamWithDva", "{E486846C-62C9-48F5-B3FD-E86E818D4709}"
	ProjectSection(SolutionItems) = preProject
		Request\FiniteElements\BeamWithDva\Motor Baja com ADV 30Hz - 5 nós.json = Request\FiniteElements\BeamWithDva\Motor Baja com ADV 30Hz - 5 nós.json
		Request\FiniteElements\BeamWithDva\Motor Baja com ADV 30Hz - 67 nós.json = Request\FiniteElements\BeamWithDva\Motor Baja com ADV 30Hz - 67 nós.json
	EndProjectSection
EndProject
Project("{2150E333-8FDC-42A3-9474-1A3956D46DE8}") = "BeamWithPiezoelectric", "BeamWithPiezoelectric", "{F291C03A-BD08-4F86-9203-F7FF52846573}"
	ProjectSection(SolutionItems) = preProject
		Request\FiniteElements\BeamWithPiezoelectric\RectangularBeamWithPiezoelectricRequest.json = Request\FiniteElements\BeamWithPiezoelectric\RectangularBeamWithPiezoelectricRequest.json
		Request\FiniteElements\BeamWithPiezoelectric\Request extraido da tese sobre piezoeletrico com piezoelétricos na ponta - 48 elementos.json = Request\FiniteElements\BeamWithPiezoelectric\Request extraido da tese sobre piezoeletrico com piezoelétricos na ponta - 48 elementos.json
		Request\FiniteElements\BeamWithPiezoelectric\Request extraido da tese sobre piezoeletrico com piezoelétricos na ponta.json = Request\FiniteElements\BeamWithPiezoelectric\Request extraido da tese sobre piezoeletrico com piezoelétricos na ponta.json
		Request\FiniteElements\BeamWithPiezoelectric\Request extraido da tese sobre piezoeletrico com piezoelétricos no início.json = Request\FiniteElements\BeamWithPiezoelectric\Request extraido da tese sobre piezoeletrico com piezoelétricos no início.json
		Request\FiniteElements\BeamWithPiezoelectric\Request para a teste - 4 elementos - piezoelétricos em baixo.json = Request\FiniteElements\BeamWithPiezoelectric\Request para a teste - 4 elementos - piezoelétricos em baixo.json
		Request\FiniteElements\BeamWithPiezoelectric\Request para a teste - 4 elementos - piezoelétricos em cima e em baixo.json = Request\FiniteElements\BeamWithPiezoelectric\Request para a teste - 4 elementos - piezoelétricos em cima e em baixo.json
		Request\FiniteElements\BeamWithPiezoelectric\Request para a teste - 4 elementos - piezoelétricos em cima.json = Request\FiniteElements\BeamWithPiezoelectric\Request para a teste - 4 elementos - piezoelétricos em cima.json
	EndProjectSection
EndProject
Project("{2150E333-8FDC-42A3-9474-1A3956D46DE8}") = "RigidBody", "RigidBody", "{531B1A23-CCF5-4749-ACF7-44FC4A3A2F21}"
EndProject
Project("{2150E333-8FDC-42A3-9474-1A3956D46DE8}") = "OneDegreeFreedom", "OneDegreeFreedom", "{01399723-44F7-4CD7-A9DA-6C6D08DCBA71}"
EndProject
Project("{2150E333-8FDC-42A3-9474-1A3956D46DE8}") = "TwoDegreesFreedom", "TwoDegreesFreedom", "{E13B645E-D41A-4C77-8954-9039E3A7895B}"
EndProject
Project("{2150E333-8FDC-42A3-9474-1A3956D46DE8}") = "RigidBody", "RigidBody", "{C48BCEDF-A67D-427D-A65B-B85E0B560729}"
EndProject
Project("{2150E333-8FDC-42A3-9474-1A3956D46DE8}") = "OneDegreeFreedom", "OneDegreeFreedom", "{450C0332-86C8-48F5-9774-F257E61F72BA}"
	ProjectSection(SolutionItems) = preProject
		Request\RigidBody\OneDegreeFreedom\Dados para 1 GL do TCC Projeto de absorvedores dinâmicos para vigas em flexão - força de impacto.json = Request\RigidBody\OneDegreeFreedom\Dados para 1 GL do TCC Projeto de absorvedores dinâmicos para vigas em flexão - força de impacto.json
		Request\RigidBody\OneDegreeFreedom\Dados para 1 GL do TCC Projeto de absorvedores dinâmicos parqa vigas em flexão.json = Request\RigidBody\OneDegreeFreedom\Dados para 1 GL do TCC Projeto de absorvedores dinâmicos parqa vigas em flexão.json
	EndProjectSection
EndProject
Project("{2150E333-8FDC-42A3-9474-1A3956D46DE8}") = "TwoDegreesFreedom", "TwoDegreesFreedom", "{5D9BDA15-474D-4D0C-B942-CB742BE49A12}"
	ProjectSection(SolutionItems) = preProject
		Request\RigidBody\TwoDegreesFreedom\Dados para 2 GL do TCC Projeto de absorvedores dinâmicos parqa vigas em flexão.json = Request\RigidBody\TwoDegreesFreedom\Dados para 2 GL do TCC Projeto de absorvedores dinâmicos parqa vigas em flexão.json
	EndProjectSection
EndProject
Project("{2150E333-8FDC-42A3-9474-1A3956D46DE8}") = "FiniteElements", "FiniteElements", "{7B9C7854-D37F-4D93-AF1B-FFA7BCF9527C}"
EndProject
Project("{2150E333-8FDC-42A3-9474-1A3956D46DE8}") = "Beam", "Beam", "{3B7F5A43-D02B-4810-8D2D-81DE4E255362}"
EndProject
Project("{2150E333-8FDC-42A3-9474-1A3956D46DE8}") = "BeamWithDva", "BeamWithDva", "{3F04FC04-65D3-4C22-8E21-3F0DE77B9682}"
EndProject
Project("{2150E333-8FDC-42A3-9474-1A3956D46DE8}") = "BeamWithPiezoelectric", "BeamWithPiezoelectric", "{2B59C3F9-A11B-4C43-9ADB-766E5D36A963}"
EndProject
Global
	GlobalSection(SolutionConfigurationPlatforms) = preSolution
		Debug|Any CPU = Debug|Any CPU
		Release|Any CPU = Release|Any CPU
	EndGlobalSection
	GlobalSection(ProjectConfigurationPlatforms) = postSolution
		{AC6EB2D8-60DC-4FEC-A48F-95D3316F3E4A}.Debug|Any CPU.ActiveCfg = Debug|Any CPU
		{AC6EB2D8-60DC-4FEC-A48F-95D3316F3E4A}.Debug|Any CPU.Build.0 = Debug|Any CPU
		{AC6EB2D8-60DC-4FEC-A48F-95D3316F3E4A}.Release|Any CPU.ActiveCfg = Release|Any CPU
		{AC6EB2D8-60DC-4FEC-A48F-95D3316F3E4A}.Release|Any CPU.Build.0 = Release|Any CPU
		{F6A738F8-99D3-4A3E-A86A-90664A7EF1D4}.Debug|Any CPU.ActiveCfg = Debug|Any CPU
		{F6A738F8-99D3-4A3E-A86A-90664A7EF1D4}.Debug|Any CPU.Build.0 = Debug|Any CPU
		{F6A738F8-99D3-4A3E-A86A-90664A7EF1D4}.Release|Any CPU.ActiveCfg = Release|Any CPU
		{F6A738F8-99D3-4A3E-A86A-90664A7EF1D4}.Release|Any CPU.Build.0 = Release|Any CPU
		{A51C5DAC-DBD2-49A1-89C2-7CBE2BCAC992}.Debug|Any CPU.ActiveCfg = Debug|Any CPU
		{A51C5DAC-DBD2-49A1-89C2-7CBE2BCAC992}.Debug|Any CPU.Build.0 = Debug|Any CPU
		{A51C5DAC-DBD2-49A1-89C2-7CBE2BCAC992}.Release|Any CPU.ActiveCfg = Release|Any CPU
		{A51C5DAC-DBD2-49A1-89C2-7CBE2BCAC992}.Release|Any CPU.Build.0 = Release|Any CPU
		{5494FC46-A675-47F6-905A-E9591B9D93BA}.Debug|Any CPU.ActiveCfg = Debug|Any CPU
		{5494FC46-A675-47F6-905A-E9591B9D93BA}.Debug|Any CPU.Build.0 = Debug|Any CPU
		{5494FC46-A675-47F6-905A-E9591B9D93BA}.Release|Any CPU.ActiveCfg = Release|Any CPU
		{5494FC46-A675-47F6-905A-E9591B9D93BA}.Release|Any CPU.Build.0 = Release|Any CPU
		{58549B1B-848D-42AF-8E33-AA996AB99A31}.Debug|Any CPU.ActiveCfg = Debug|Any CPU
		{58549B1B-848D-42AF-8E33-AA996AB99A31}.Debug|Any CPU.Build.0 = Debug|Any CPU
		{58549B1B-848D-42AF-8E33-AA996AB99A31}.Release|Any CPU.ActiveCfg = Release|Any CPU
		{58549B1B-848D-42AF-8E33-AA996AB99A31}.Release|Any CPU.Build.0 = Release|Any CPU
	EndGlobalSection
	GlobalSection(SolutionProperties) = preSolution
		HideSolutionNode = FALSE
	EndGlobalSection
	GlobalSection(NestedProjects) = preSolution
		{AC6EB2D8-60DC-4FEC-A48F-95D3316F3E4A} = {1486B460-922B-4F74-A69A-DFA452D5A8EC}
		{F6A738F8-99D3-4A3E-A86A-90664A7EF1D4} = {1486B460-922B-4F74-A69A-DFA452D5A8EC}
		{A51C5DAC-DBD2-49A1-89C2-7CBE2BCAC992} = {1486B460-922B-4F74-A69A-DFA452D5A8EC}
		{5494FC46-A675-47F6-905A-E9591B9D93BA} = {1486B460-922B-4F74-A69A-DFA452D5A8EC}
		{58549B1B-848D-42AF-8E33-AA996AB99A31} = {1F3797D7-105F-44D1-AF0C-A56FC7BA38B2}
		{5E5F94FA-6B14-4150-A813-DE4FFB6DD6B3} = {69DC91C4-15E5-46D3-A0D1-820C174221E8}
		{924A799F-B2BF-4144-A243-C2E42FD09728} = {5E5F94FA-6B14-4150-A813-DE4FFB6DD6B3}
		{E486846C-62C9-48F5-B3FD-E86E818D4709} = {5E5F94FA-6B14-4150-A813-DE4FFB6DD6B3}
		{F291C03A-BD08-4F86-9203-F7FF52846573} = {5E5F94FA-6B14-4150-A813-DE4FFB6DD6B3}
		{531B1A23-CCF5-4749-ACF7-44FC4A3A2F21} = {69DC91C4-15E5-46D3-A0D1-820C174221E8}
		{01399723-44F7-4CD7-A9DA-6C6D08DCBA71} = {C48BCEDF-A67D-427D-A65B-B85E0B560729}
		{E13B645E-D41A-4C77-8954-9039E3A7895B} = {C48BCEDF-A67D-427D-A65B-B85E0B560729}
		{C48BCEDF-A67D-427D-A65B-B85E0B560729} = {FEF4F35F-FDF5-4FAF-937F-6AB5864597C0}
		{450C0332-86C8-48F5-9774-F257E61F72BA} = {531B1A23-CCF5-4749-ACF7-44FC4A3A2F21}
		{5D9BDA15-474D-4D0C-B942-CB742BE49A12} = {531B1A23-CCF5-4749-ACF7-44FC4A3A2F21}
		{7B9C7854-D37F-4D93-AF1B-FFA7BCF9527C} = {FEF4F35F-FDF5-4FAF-937F-6AB5864597C0}
		{3B7F5A43-D02B-4810-8D2D-81DE4E255362} = {7B9C7854-D37F-4D93-AF1B-FFA7BCF9527C}
		{3F04FC04-65D3-4C22-8E21-3F0DE77B9682} = {7B9C7854-D37F-4D93-AF1B-FFA7BCF9527C}
		{2B59C3F9-A11B-4C43-9ADB-766E5D36A963} = {7B9C7854-D37F-4D93-AF1B-FFA7BCF9527C}
	EndGlobalSection
	GlobalSection(ExtensibilityGlobals) = postSolution
		SolutionGuid = {D2DE8892-081F-419C-8CB3-E3D5E29FF51F}
	EndGlobalSection
EndGlobal
