
Microsoft Visual Studio Solution File, Format Version 12.00
# Visual Studio Version 16
VisualStudioVersion = 16.0.29728.190
MinimumVisualStudioVersion = 10.0.40219.1
Project("{9A19103F-16F7-4668-BE54-9A1E7A4F7556}") = "IcVibracoes", "IcVibracoes\IcVibracoes.csproj", "{AC6EB2D8-60DC-4FEC-A48F-95D3316F3E4A}"
EndProject
Project("{2150E333-8FDC-42A3-9474-1A3956D46DE8}") = "src", "src", "{1486B460-922B-4F74-A69A-DFA452D5A8EC}"
EndProject
Project("{2150E333-8FDC-42A3-9474-1A3956D46DE8}") = "etc", "etc", "{FB9756E5-52FA-4EF8-8C66-D8122B82CDE0}"
	ProjectSection(SolutionItems) = preProject
		CHANGELOG.md = CHANGELOG.md
	EndProjectSection
EndProject
Project("{2150E333-8FDC-42A3-9474-1A3956D46DE8}") = "test", "test", "{1F3797D7-105F-44D1-AF0C-A56FC7BA38B2}"
EndProject
Project("{9A19103F-16F7-4668-BE54-9A1E7A4F7556}") = "IcVibracoes.Common", "IcVibracoes.Common\IcVibracoes.Common.csproj", "{F6A738F8-99D3-4A3E-A86A-90664A7EF1D4}"
EndProject
Project("{9A19103F-16F7-4668-BE54-9A1E7A4F7556}") = "IcVibracoes.Core", "IcVibracoes.Core\IcVibracoes.Core.csproj", "{A51C5DAC-DBD2-49A1-89C2-7CBE2BCAC992}"
EndProject
Project("{9A19103F-16F7-4668-BE54-9A1E7A4F7556}") = "IcVibracoes.DataContracts", "IcVibracoes.DataContracts\IcVibracoes.DataContracts.csproj", "{5494FC46-A675-47F6-905A-E9591B9D93BA}"
EndProject
Project("{9A19103F-16F7-4668-BE54-9A1E7A4F7556}") = "IcVibracoes.Test", "IcVibracoes.Test\IcVibracoes.Test.csproj", "{58549B1B-848D-42AF-8E33-AA996AB99A31}"
EndProject
Project("{2150E333-8FDC-42A3-9474-1A3956D46DE8}") = "programs in C", "programs in C", "{F12DE005-F3F9-4976-84AC-87C850BE83B4}"
	ProjectSection(SolutionItems) = preProject
		Programs in C\final version\dados_piezo.inp = Programs in C\final version\dados_piezo.inp
		Programs in C\final version\NEWMARK_com_P2.CPP = Programs in C\final version\NEWMARK_com_P2.CPP
		Programs in C\final version\Piezoeletrico_Newmark.CPP = Programs in C\final version\Piezoeletrico_Newmark.CPP
	EndProjectSection
EndProject
Project("{2150E333-8FDC-42A3-9474-1A3956D46DE8}") = "requests", "requests", "{69DC91C4-15E5-46D3-A0D1-820C174221E8}"
	ProjectSection(SolutionItems) = preProject
		Request\Motor Baja = Request\Motor Baja
		Request\Motor Baja 30Hz - 5 nós.json = Request\Motor Baja 30Hz - 5 nós.json
		Request\Motor Baja 30Hz - 67 nós.json = Request\Motor Baja 30Hz - 67 nós.json
		Request\Motor Baja com ADV 30Hz - 5 nós.json = Request\Motor Baja com ADV 30Hz - 5 nós.json
		Request\Motor Baja com ADV 30Hz - 67 nós.json = Request\Motor Baja com ADV 30Hz - 67 nós.json
		Request\RectangularBeamWithPiezoelectricRequest = Request\RectangularBeamWithPiezoelectricRequest
	EndProjectSection
EndProject
Project("{2150E333-8FDC-42A3-9474-1A3956D46DE8}") = "solutions", "solutions", "{FEF4F35F-FDF5-4FAF-937F-6AB5864597C0}"
	ProjectSection(SolutionItems) = preProject
		Solutions\Motor Baja 30Hz com ADV - 5 nós.xlsx = Solutions\Motor Baja 30Hz com ADV - 5 nós.xlsx
		Solutions\Motor Baja 30Hz com ADV.xlsx = Solutions\Motor Baja 30Hz com ADV.xlsx
		Solutions\Motor Baja 30Hz sem ADV - 5 nós.xlsx = Solutions\Motor Baja 30Hz sem ADV - 5 nós.xlsx
		Solutions\Motor Baja 30Hz sem ADV.xlsx = Solutions\Motor Baja 30Hz sem ADV.xlsx
		Solutions\Motor Baja 50hz.xlsx = Solutions\Motor Baja 50hz.xlsx
		Solutions\MotorBaja.json = Solutions\MotorBaja.json
		Solutions\Piezoelétrico - teste 1.xlsx = Solutions\Piezoelétrico - teste 1.xlsx
		Solutions\Piezoelétrico - teste 2.xlsx = Solutions\Piezoelétrico - teste 2.xlsx
		Solutions\RectangularBeamSolution.csv = Solutions\RectangularBeamSolution.csv
		Solutions\RectangularBeamSolution.json = Solutions\RectangularBeamSolution.json
		Solutions\TestSolution.csv = Solutions\TestSolution.csv
		Solutions\TestSolution.txt = Solutions\TestSolution.txt
	EndProjectSection
EndProject
Global
	GlobalSection(SolutionConfigurationPlatforms) = preSolution
		Debug|Any CPU = Debug|Any CPU
		Release|Any CPU = Release|Any CPU
	EndGlobalSection
	GlobalSection(ProjectConfigurationPlatforms) = postSolution
		{AC6EB2D8-60DC-4FEC-A48F-95D3316F3E4A}.Debug|Any CPU.ActiveCfg = Debug|Any CPU
		{AC6EB2D8-60DC-4FEC-A48F-95D3316F3E4A}.Debug|Any CPU.Build.0 = Debug|Any CPU
		{AC6EB2D8-60DC-4FEC-A48F-95D3316F3E4A}.Release|Any CPU.ActiveCfg = Release|Any CPU
		{AC6EB2D8-60DC-4FEC-A48F-95D3316F3E4A}.Release|Any CPU.Build.0 = Release|Any CPU
		{F6A738F8-99D3-4A3E-A86A-90664A7EF1D4}.Debug|Any CPU.ActiveCfg = Debug|Any CPU
		{F6A738F8-99D3-4A3E-A86A-90664A7EF1D4}.Debug|Any CPU.Build.0 = Debug|Any CPU
		{F6A738F8-99D3-4A3E-A86A-90664A7EF1D4}.Release|Any CPU.ActiveCfg = Release|Any CPU
		{F6A738F8-99D3-4A3E-A86A-90664A7EF1D4}.Release|Any CPU.Build.0 = Release|Any CPU
		{A51C5DAC-DBD2-49A1-89C2-7CBE2BCAC992}.Debug|Any CPU.ActiveCfg = Debug|Any CPU
		{A51C5DAC-DBD2-49A1-89C2-7CBE2BCAC992}.Debug|Any CPU.Build.0 = Debug|Any CPU
		{A51C5DAC-DBD2-49A1-89C2-7CBE2BCAC992}.Release|Any CPU.ActiveCfg = Release|Any CPU
		{A51C5DAC-DBD2-49A1-89C2-7CBE2BCAC992}.Release|Any CPU.Build.0 = Release|Any CPU
		{5494FC46-A675-47F6-905A-E9591B9D93BA}.Debug|Any CPU.ActiveCfg = Debug|Any CPU
		{5494FC46-A675-47F6-905A-E9591B9D93BA}.Debug|Any CPU.Build.0 = Debug|Any CPU
		{5494FC46-A675-47F6-905A-E9591B9D93BA}.Release|Any CPU.ActiveCfg = Release|Any CPU
		{5494FC46-A675-47F6-905A-E9591B9D93BA}.Release|Any CPU.Build.0 = Release|Any CPU
		{58549B1B-848D-42AF-8E33-AA996AB99A31}.Debug|Any CPU.ActiveCfg = Debug|Any CPU
		{58549B1B-848D-42AF-8E33-AA996AB99A31}.Debug|Any CPU.Build.0 = Debug|Any CPU
		{58549B1B-848D-42AF-8E33-AA996AB99A31}.Release|Any CPU.ActiveCfg = Release|Any CPU
		{58549B1B-848D-42AF-8E33-AA996AB99A31}.Release|Any CPU.Build.0 = Release|Any CPU
	EndGlobalSection
	GlobalSection(SolutionProperties) = preSolution
		HideSolutionNode = FALSE
	EndGlobalSection
	GlobalSection(NestedProjects) = preSolution
		{AC6EB2D8-60DC-4FEC-A48F-95D3316F3E4A} = {1486B460-922B-4F74-A69A-DFA452D5A8EC}
		{F6A738F8-99D3-4A3E-A86A-90664A7EF1D4} = {1486B460-922B-4F74-A69A-DFA452D5A8EC}
		{A51C5DAC-DBD2-49A1-89C2-7CBE2BCAC992} = {1486B460-922B-4F74-A69A-DFA452D5A8EC}
		{5494FC46-A675-47F6-905A-E9591B9D93BA} = {1486B460-922B-4F74-A69A-DFA452D5A8EC}
		{58549B1B-848D-42AF-8E33-AA996AB99A31} = {1F3797D7-105F-44D1-AF0C-A56FC7BA38B2}
	EndGlobalSection
	GlobalSection(ExtensibilityGlobals) = postSolution
		SolutionGuid = {D2DE8892-081F-419C-8CB3-E3D5E29FF51F}
	EndGlobalSection
EndGlobal
