
Microsoft Visual Studio Solution File, Format Version 12.00
# Visual Studio Version 17
VisualStudioVersion = 17.0.31912.275
MinimumVisualStudioVersion = 10.0.40219.1
Project("{2150E333-8FDC-42A3-9474-1A3956D46DE8}") = "src", "src", "{3476D0AD-86B3-4B52-BD42-F9D19CE01E13}"
EndProject
Project("{2150E333-8FDC-42A3-9474-1A3956D46DE8}") = "etc", "etc", "{1D42FD49-8A5C-4912-868D-664F1260FC20}"
	ProjectSection(SolutionItems) = preProject
		CHANGELOG.md = CHANGELOG.md
		Directory.Build.props = Directory.Build.props
		README.md = README.md
	EndProjectSection
EndProject
Project("{2150E333-8FDC-42A3-9474-1A3956D46DE8}") = "test", "test", "{BB746C43-59E4-4904-9865-17E88F220E46}"
EndProject
Project("{9A19103F-16F7-4668-BE54-9A1E7A4F7556}") = "MudRunner.Suspension.Application", "src\Suspension.Application\MudRunner.Suspension.Application.csproj", "{3A433472-0C97-45F3-ABAD-F90F94F4DDA0}"
EndProject
Project("{9A19103F-16F7-4668-BE54-9A1E7A4F7556}") = "MudRunner.Suspension.Core", "src\Suspension.Core\MudRunner.Suspension.Core.csproj", "{71079089-C522-4748-B37B-755759B0B8BA}"
EndProject
Project("{9A19103F-16F7-4668-BE54-9A1E7A4F7556}") = "MudRunner.Suspension.DataContracts", "src\Suspension.DataContracts\MudRunner.Suspension.DataContracts.csproj", "{4352F73F-77EA-4D8E-8E8D-6B2B16039A68}"
EndProject
Project("{9A19103F-16F7-4668-BE54-9A1E7A4F7556}") = "MudRunner.Suspension.UnitTest", "test\Suspension.UnitTest\MudRunner.Suspension.UnitTest.csproj", "{343758A9-C2B7-4C07-A693-F41286D8588F}"
EndProject
Global
	GlobalSection(SolutionConfigurationPlatforms) = preSolution
		Debug|Any CPU = Debug|Any CPU
		Release|Any CPU = Release|Any CPU
	EndGlobalSection
	GlobalSection(ProjectConfigurationPlatforms) = postSolution
		{3A433472-0C97-45F3-ABAD-F90F94F4DDA0}.Debug|Any CPU.ActiveCfg = Debug|Any CPU
		{3A433472-0C97-45F3-ABAD-F90F94F4DDA0}.Debug|Any CPU.Build.0 = Debug|Any CPU
		{3A433472-0C97-45F3-ABAD-F90F94F4DDA0}.Release|Any CPU.ActiveCfg = Release|Any CPU
		{3A433472-0C97-45F3-ABAD-F90F94F4DDA0}.Release|Any CPU.Build.0 = Release|Any CPU
		{71079089-C522-4748-B37B-755759B0B8BA}.Debug|Any CPU.ActiveCfg = Debug|Any CPU
		{71079089-C522-4748-B37B-755759B0B8BA}.Debug|Any CPU.Build.0 = Debug|Any CPU
		{71079089-C522-4748-B37B-755759B0B8BA}.Release|Any CPU.ActiveCfg = Release|Any CPU
		{71079089-C522-4748-B37B-755759B0B8BA}.Release|Any CPU.Build.0 = Release|Any CPU
		{4352F73F-77EA-4D8E-8E8D-6B2B16039A68}.Debug|Any CPU.ActiveCfg = Debug|Any CPU
		{4352F73F-77EA-4D8E-8E8D-6B2B16039A68}.Debug|Any CPU.Build.0 = Debug|Any CPU
		{4352F73F-77EA-4D8E-8E8D-6B2B16039A68}.Release|Any CPU.ActiveCfg = Release|Any CPU
		{4352F73F-77EA-4D8E-8E8D-6B2B16039A68}.Release|Any CPU.Build.0 = Release|Any CPU
		{343758A9-C2B7-4C07-A693-F41286D8588F}.Debug|Any CPU.ActiveCfg = Debug|Any CPU
		{343758A9-C2B7-4C07-A693-F41286D8588F}.Debug|Any CPU.Build.0 = Debug|Any CPU
		{343758A9-C2B7-4C07-A693-F41286D8588F}.Release|Any CPU.ActiveCfg = Release|Any CPU
		{343758A9-C2B7-4C07-A693-F41286D8588F}.Release|Any CPU.Build.0 = Release|Any CPU
	EndGlobalSection
	GlobalSection(SolutionProperties) = preSolution
		HideSolutionNode = FALSE
	EndGlobalSection
	GlobalSection(NestedProjects) = preSolution
		{3A433472-0C97-45F3-ABAD-F90F94F4DDA0} = {3476D0AD-86B3-4B52-BD42-F9D19CE01E13}
		{71079089-C522-4748-B37B-755759B0B8BA} = {3476D0AD-86B3-4B52-BD42-F9D19CE01E13}
		{4352F73F-77EA-4D8E-8E8D-6B2B16039A68} = {3476D0AD-86B3-4B52-BD42-F9D19CE01E13}
		{343758A9-C2B7-4C07-A693-F41286D8588F} = {BB746C43-59E4-4904-9865-17E88F220E46}
	EndGlobalSection
	GlobalSection(ExtensibilityGlobals) = postSolution
		SolutionGuid = {801B0F5F-7AE3-43D0-90C9-02686F698605}
	EndGlobalSection
EndGlobal
